
Microsoft Visual Studio Solution File, Format Version 12.00
# Visual Studio 2013
VisualStudioVersion = 12.0.30110.0
MinimumVisualStudioVersion = 10.0.40219.1
Project("{FAE04EC0-301F-11D3-BF4B-00C04F79EFBC}") = "GoodsDeliverySystem", "GoodsDeliverySystem\GoodsDeliverySystem.csproj", "{5EA52E8B-8F50-4EF5-A1D3-6ACC2CA25247}"
EndProject
Project("{FAE04EC0-301F-11D3-BF4B-00C04F79EFBC}") = "GoodsDeliverySystem.Tests", "GoodsDeliverySystem.Tests\GoodsDeliverySystem.Tests.csproj", "{2531DDDA-A2CB-494F-AB12-385FC561E218}"
EndProject
Global
	GlobalSection(SolutionConfigurationPlatforms) = preSolution
		Debug|Any CPU = Debug|Any CPU
		Release|Any CPU = Release|Any CPU
	EndGlobalSection
	GlobalSection(ProjectConfigurationPlatforms) = postSolution
		{5EA52E8B-8F50-4EF5-A1D3-6ACC2CA25247}.Debug|Any CPU.ActiveCfg = Debug|Any CPU
		{5EA52E8B-8F50-4EF5-A1D3-6ACC2CA25247}.Debug|Any CPU.Build.0 = Debug|Any CPU
		{5EA52E8B-8F50-4EF5-A1D3-6ACC2CA25247}.Release|Any CPU.ActiveCfg = Release|Any CPU
		{5EA52E8B-8F50-4EF5-A1D3-6ACC2CA25247}.Release|Any CPU.Build.0 = Release|Any CPU
		{2531DDDA-A2CB-494F-AB12-385FC561E218}.Debug|Any CPU.ActiveCfg = Debug|Any CPU
		{2531DDDA-A2CB-494F-AB12-385FC561E218}.Debug|Any CPU.Build.0 = Debug|Any CPU
		{2531DDDA-A2CB-494F-AB12-385FC561E218}.Release|Any CPU.ActiveCfg = Release|Any CPU
		{2531DDDA-A2CB-494F-AB12-385FC561E218}.Release|Any CPU.Build.0 = Release|Any CPU
	EndGlobalSection
	GlobalSection(SolutionProperties) = preSolution
		HideSolutionNode = FALSE
	EndGlobalSection
EndGlobal
